
Microsoft Visual Studio Solution File, Format Version 12.00
# Visual Studio Version 17
VisualStudioVersion = 17.5.33516.290
MinimumVisualStudioVersion = 10.0.40219.1
Project("{9A19103F-16F7-4668-BE54-9A1E7A4F7556}") = "IvNav.Store.Infrastructure", "IvNav.Store.Infrastructure\IvNav.Store.Infrastructure.csproj", "{26F8E19B-9373-424E-AD77-58658FFD18F5}"
EndProject
Project("{9A19103F-16F7-4668-BE54-9A1E7A4F7556}") = "IvNav.Store.Setup", "IvNav.Store.Setup\IvNav.Store.Setup.csproj", "{306648B6-5205-4158-AFB4-5F1486DF450F}"
EndProject
Project("{9A19103F-16F7-4668-BE54-9A1E7A4F7556}") = "IvNav.Store.Common", "IvNav.Store.Common\IvNav.Store.Common.csproj", "{F7F35893-F6A0-4F1C-84D3-C378AA85B2C6}"
EndProject
Project("{9A19103F-16F7-4668-BE54-9A1E7A4F7556}") = "IvNav.Store.Identity.Core", "IvNav.Store.Identity.Core\IvNav.Store.Identity.Core.csproj", "{957A5DCF-1609-40EF-885D-3A83BAB96E46}"
EndProject
Project("{9A19103F-16F7-4668-BE54-9A1E7A4F7556}") = "IvNav.Store.Enums", "IvNav.Store.Enums\IvNav.Store.Enums.csproj", "{6387842E-80BB-439D-BE62-D1568DB80915}"
EndProject
Project("{E53339B2-1760-4266-BCC7-CA923CBCF16C}") = "docker-compose", "docker-compose.dcproj", "{F9EFDD90-3267-43A8-A6B7-FD78E42E532F}"
EndProject
Project("{2150E333-8FDC-42A3-9474-1A3956D46DE8}") = "_Docker", "_Docker", "{BFE60846-46B4-4C7B-B854-A7DD72BEF1C3}"
EndProject
Project("{9A19103F-16F7-4668-BE54-9A1E7A4F7556}") = "IvNav.Store.Mail.Web", "IvNav.Store.Mail.Web\IvNav.Store.Mail.Web.csproj", "{E5C0C6D3-F0B7-4ECD-BA88-0D0EE9B6EB71}"
EndProject
Project("{9A19103F-16F7-4668-BE54-9A1E7A4F7556}") = "IvNav.Store.Core.Interaction", "IvNav.Store.Core.Interaction\IvNav.Store.Core.Interaction.csproj", "{F50CFBB7-568C-42C1-8F5E-C7195C20DF03}"
EndProject
Project("{2150E333-8FDC-42A3-9474-1A3956D46DE8}") = "Services", "Services", "{1DAC88C3-F374-429D-86C2-1735BE863A9E}"
EndProject
Project("{2150E333-8FDC-42A3-9474-1A3956D46DE8}") = "Mail", "Mail", "{EF3A8A09-6D16-4415-89F1-94769FF4EB30}"
EndProject
Project("{9A19103F-16F7-4668-BE54-9A1E7A4F7556}") = "IvNav.Store.Mail.Core", "IvNav.Store.Mail.Core\IvNav.Store.Mail.Core.csproj", "{E099D8CB-0695-44A1-8D49-03858E2CCBFC}"
EndProject
Project("{2150E333-8FDC-42A3-9474-1A3956D46DE8}") = "Common", "Common", "{5754F97A-C526-4AFA-B48A-AB7D40F317C7}"
EndProject
Project("{2150E333-8FDC-42A3-9474-1A3956D46DE8}") = "Product", "Product", "{ED3AE381-220E-4DC8-82D2-66D04E40B335}"
EndProject
Project("{9A19103F-16F7-4668-BE54-9A1E7A4F7556}") = "IvNav.Store.Product.Core", "IvNav.Store.Product.Core\IvNav.Store.Product.Core.csproj", "{A38C170B-9465-4458-A912-1923F3EBD7ED}"
EndProject
Project("{2150E333-8FDC-42A3-9474-1A3956D46DE8}") = "Identity", "Identity", "{BA161A45-4742-48BA-8213-DF1AE2CB1BC7}"
EndProject
Project("{9A19103F-16F7-4668-BE54-9A1E7A4F7556}") = "IvNav.Store.Product.Infrastructure", "IvNav.Store.Product.Infrastructure\IvNav.Store.Product.Infrastructure.csproj", "{104553EF-FC04-4464-9E92-D245089AEF48}"
EndProject
Project("{9A19103F-16F7-4668-BE54-9A1E7A4F7556}") = "IvNav.Store.Identity.Infrastructure", "IvNav.Store.Identity.Infrastructure\IvNav.Store.Identity.Infrastructure.csproj", "{ED48947B-7291-4364-B83C-16F9DFFF94C3}"
EndProject
Project("{2150E333-8FDC-42A3-9474-1A3956D46DE8}") = "Tests", "Tests", "{D04A6E73-A3A5-49F7-B877-B2F542B7C6EF}"
EndProject
Project("{9A19103F-16F7-4668-BE54-9A1E7A4F7556}") = "IvNav.Store.Product.Core.Tests", "IvNav.Store.Product.Core.Tests\IvNav.Store.Product.Core.Tests.csproj", "{3D115ECD-4B92-46EA-A8D1-43AE92745630}"
EndProject
Project("{9A19103F-16F7-4668-BE54-9A1E7A4F7556}") = "IvNav.Store.Testing", "IvNav.Store.Testing\IvNav.Store.Testing.csproj", "{9BE35C0F-1EB1-4362-A824-DA9B7E3CB976}"
EndProject
Project("{2150E333-8FDC-42A3-9474-1A3956D46DE8}") = "Tests", "Tests", "{2C9A347F-6C4C-423B-AA1B-C56CF5FCF765}"
EndProject
Project("{9A19103F-16F7-4668-BE54-9A1E7A4F7556}") = "IvNav.Store.Identity.Core.Tests", "IvNav.Store.Identity.Core.Tests\IvNav.Store.Identity.Core.Tests.csproj", "{2FC9CB53-2940-4DD4-9191-6DB4EB06D851}"
EndProject
Project("{9A19103F-16F7-4668-BE54-9A1E7A4F7556}") = "IvNav.Store.Identity.Web.Tests", "IvNav.Store.Identity.Web.Tests\IvNav.Store.Identity.Web.Tests.csproj", "{73BAA8EF-2C1D-47AD-8BDA-EFDEFC75A288}"
EndProject
Project("{9A19103F-16F7-4668-BE54-9A1E7A4F7556}") = "IvNav.Store.Identity.Web", "IvNav.Store.Identity.Web\IvNav.Store.Identity.Web.csproj", "{EE8F5547-35DD-4C56-A264-29A67ADCD8BE}"
EndProject
Project("{9A19103F-16F7-4668-BE54-9A1E7A4F7556}") = "IvNav.Store.Product.Web", "IvNav.Store.Product.Web\IvNav.Store.Product.Web.csproj", "{82CC7875-5EA1-4F76-B9C8-7569B4F6724F}"
EndProject
Project("{9A19103F-16F7-4668-BE54-9A1E7A4F7556}") = "IvNav.Store.Product.Web.Tests", "IvNav.Store.Product.Web.Tests\IvNav.Store.Product.Web.Tests.csproj", "{64579CFE-C9C4-47F8-9390-B6D2438DAC3F}"
EndProject
Global
	GlobalSection(SolutionConfigurationPlatforms) = preSolution
		Debug|Any CPU = Debug|Any CPU
		Release|Any CPU = Release|Any CPU
	EndGlobalSection
	GlobalSection(ProjectConfigurationPlatforms) = postSolution
		{26F8E19B-9373-424E-AD77-58658FFD18F5}.Debug|Any CPU.ActiveCfg = Debug|Any CPU
		{26F8E19B-9373-424E-AD77-58658FFD18F5}.Debug|Any CPU.Build.0 = Debug|Any CPU
		{26F8E19B-9373-424E-AD77-58658FFD18F5}.Release|Any CPU.ActiveCfg = Release|Any CPU
		{26F8E19B-9373-424E-AD77-58658FFD18F5}.Release|Any CPU.Build.0 = Release|Any CPU
		{306648B6-5205-4158-AFB4-5F1486DF450F}.Debug|Any CPU.ActiveCfg = Debug|Any CPU
		{306648B6-5205-4158-AFB4-5F1486DF450F}.Debug|Any CPU.Build.0 = Debug|Any CPU
		{306648B6-5205-4158-AFB4-5F1486DF450F}.Release|Any CPU.ActiveCfg = Release|Any CPU
		{306648B6-5205-4158-AFB4-5F1486DF450F}.Release|Any CPU.Build.0 = Release|Any CPU
		{F7F35893-F6A0-4F1C-84D3-C378AA85B2C6}.Debug|Any CPU.ActiveCfg = Debug|Any CPU
		{F7F35893-F6A0-4F1C-84D3-C378AA85B2C6}.Debug|Any CPU.Build.0 = Debug|Any CPU
		{F7F35893-F6A0-4F1C-84D3-C378AA85B2C6}.Release|Any CPU.ActiveCfg = Release|Any CPU
		{F7F35893-F6A0-4F1C-84D3-C378AA85B2C6}.Release|Any CPU.Build.0 = Release|Any CPU
		{957A5DCF-1609-40EF-885D-3A83BAB96E46}.Debug|Any CPU.ActiveCfg = Debug|Any CPU
		{957A5DCF-1609-40EF-885D-3A83BAB96E46}.Debug|Any CPU.Build.0 = Debug|Any CPU
		{957A5DCF-1609-40EF-885D-3A83BAB96E46}.Release|Any CPU.ActiveCfg = Release|Any CPU
		{957A5DCF-1609-40EF-885D-3A83BAB96E46}.Release|Any CPU.Build.0 = Release|Any CPU
		{6387842E-80BB-439D-BE62-D1568DB80915}.Debug|Any CPU.ActiveCfg = Debug|Any CPU
		{6387842E-80BB-439D-BE62-D1568DB80915}.Debug|Any CPU.Build.0 = Debug|Any CPU
		{6387842E-80BB-439D-BE62-D1568DB80915}.Release|Any CPU.ActiveCfg = Release|Any CPU
		{6387842E-80BB-439D-BE62-D1568DB80915}.Release|Any CPU.Build.0 = Release|Any CPU
		{F9EFDD90-3267-43A8-A6B7-FD78E42E532F}.Debug|Any CPU.ActiveCfg = Debug|Any CPU
		{F9EFDD90-3267-43A8-A6B7-FD78E42E532F}.Debug|Any CPU.Build.0 = Debug|Any CPU
		{F9EFDD90-3267-43A8-A6B7-FD78E42E532F}.Release|Any CPU.ActiveCfg = Release|Any CPU
		{F9EFDD90-3267-43A8-A6B7-FD78E42E532F}.Release|Any CPU.Build.0 = Release|Any CPU
		{E5C0C6D3-F0B7-4ECD-BA88-0D0EE9B6EB71}.Debug|Any CPU.ActiveCfg = Debug|Any CPU
		{E5C0C6D3-F0B7-4ECD-BA88-0D0EE9B6EB71}.Debug|Any CPU.Build.0 = Debug|Any CPU
		{E5C0C6D3-F0B7-4ECD-BA88-0D0EE9B6EB71}.Release|Any CPU.ActiveCfg = Release|Any CPU
		{E5C0C6D3-F0B7-4ECD-BA88-0D0EE9B6EB71}.Release|Any CPU.Build.0 = Release|Any CPU
		{F50CFBB7-568C-42C1-8F5E-C7195C20DF03}.Debug|Any CPU.ActiveCfg = Debug|Any CPU
		{F50CFBB7-568C-42C1-8F5E-C7195C20DF03}.Debug|Any CPU.Build.0 = Debug|Any CPU
		{F50CFBB7-568C-42C1-8F5E-C7195C20DF03}.Release|Any CPU.ActiveCfg = Release|Any CPU
		{F50CFBB7-568C-42C1-8F5E-C7195C20DF03}.Release|Any CPU.Build.0 = Release|Any CPU
		{E099D8CB-0695-44A1-8D49-03858E2CCBFC}.Debug|Any CPU.ActiveCfg = Debug|Any CPU
		{E099D8CB-0695-44A1-8D49-03858E2CCBFC}.Debug|Any CPU.Build.0 = Debug|Any CPU
		{E099D8CB-0695-44A1-8D49-03858E2CCBFC}.Release|Any CPU.ActiveCfg = Release|Any CPU
		{E099D8CB-0695-44A1-8D49-03858E2CCBFC}.Release|Any CPU.Build.0 = Release|Any CPU
		{A38C170B-9465-4458-A912-1923F3EBD7ED}.Debug|Any CPU.ActiveCfg = Debug|Any CPU
		{A38C170B-9465-4458-A912-1923F3EBD7ED}.Debug|Any CPU.Build.0 = Debug|Any CPU
		{A38C170B-9465-4458-A912-1923F3EBD7ED}.Release|Any CPU.ActiveCfg = Release|Any CPU
		{A38C170B-9465-4458-A912-1923F3EBD7ED}.Release|Any CPU.Build.0 = Release|Any CPU
		{104553EF-FC04-4464-9E92-D245089AEF48}.Debug|Any CPU.ActiveCfg = Debug|Any CPU
		{104553EF-FC04-4464-9E92-D245089AEF48}.Debug|Any CPU.Build.0 = Debug|Any CPU
		{104553EF-FC04-4464-9E92-D245089AEF48}.Release|Any CPU.ActiveCfg = Release|Any CPU
		{104553EF-FC04-4464-9E92-D245089AEF48}.Release|Any CPU.Build.0 = Release|Any CPU
		{ED48947B-7291-4364-B83C-16F9DFFF94C3}.Debug|Any CPU.ActiveCfg = Debug|Any CPU
		{ED48947B-7291-4364-B83C-16F9DFFF94C3}.Debug|Any CPU.Build.0 = Debug|Any CPU
		{ED48947B-7291-4364-B83C-16F9DFFF94C3}.Release|Any CPU.ActiveCfg = Release|Any CPU
		{ED48947B-7291-4364-B83C-16F9DFFF94C3}.Release|Any CPU.Build.0 = Release|Any CPU
		{3D115ECD-4B92-46EA-A8D1-43AE92745630}.Debug|Any CPU.ActiveCfg = Debug|Any CPU
		{3D115ECD-4B92-46EA-A8D1-43AE92745630}.Debug|Any CPU.Build.0 = Debug|Any CPU
		{3D115ECD-4B92-46EA-A8D1-43AE92745630}.Release|Any CPU.ActiveCfg = Release|Any CPU
		{3D115ECD-4B92-46EA-A8D1-43AE92745630}.Release|Any CPU.Build.0 = Release|Any CPU
		{9BE35C0F-1EB1-4362-A824-DA9B7E3CB976}.Debug|Any CPU.ActiveCfg = Debug|Any CPU
		{9BE35C0F-1EB1-4362-A824-DA9B7E3CB976}.Debug|Any CPU.Build.0 = Debug|Any CPU
		{9BE35C0F-1EB1-4362-A824-DA9B7E3CB976}.Release|Any CPU.ActiveCfg = Release|Any CPU
		{9BE35C0F-1EB1-4362-A824-DA9B7E3CB976}.Release|Any CPU.Build.0 = Release|Any CPU
		{2FC9CB53-2940-4DD4-9191-6DB4EB06D851}.Debug|Any CPU.ActiveCfg = Debug|Any CPU
		{2FC9CB53-2940-4DD4-9191-6DB4EB06D851}.Debug|Any CPU.Build.0 = Debug|Any CPU
		{2FC9CB53-2940-4DD4-9191-6DB4EB06D851}.Release|Any CPU.ActiveCfg = Release|Any CPU
		{2FC9CB53-2940-4DD4-9191-6DB4EB06D851}.Release|Any CPU.Build.0 = Release|Any CPU
		{73BAA8EF-2C1D-47AD-8BDA-EFDEFC75A288}.Debug|Any CPU.ActiveCfg = Debug|Any CPU
		{73BAA8EF-2C1D-47AD-8BDA-EFDEFC75A288}.Debug|Any CPU.Build.0 = Debug|Any CPU
		{73BAA8EF-2C1D-47AD-8BDA-EFDEFC75A288}.Release|Any CPU.ActiveCfg = Release|Any CPU
		{73BAA8EF-2C1D-47AD-8BDA-EFDEFC75A288}.Release|Any CPU.Build.0 = Release|Any CPU
		{EE8F5547-35DD-4C56-A264-29A67ADCD8BE}.Debug|Any CPU.ActiveCfg = Debug|Any CPU
		{EE8F5547-35DD-4C56-A264-29A67ADCD8BE}.Debug|Any CPU.Build.0 = Debug|Any CPU
		{EE8F5547-35DD-4C56-A264-29A67ADCD8BE}.Release|Any CPU.ActiveCfg = Release|Any CPU
		{EE8F5547-35DD-4C56-A264-29A67ADCD8BE}.Release|Any CPU.Build.0 = Release|Any CPU
		{82CC7875-5EA1-4F76-B9C8-7569B4F6724F}.Debug|Any CPU.ActiveCfg = Debug|Any CPU
		{82CC7875-5EA1-4F76-B9C8-7569B4F6724F}.Debug|Any CPU.Build.0 = Debug|Any CPU
		{82CC7875-5EA1-4F76-B9C8-7569B4F6724F}.Release|Any CPU.ActiveCfg = Release|Any CPU
		{82CC7875-5EA1-4F76-B9C8-7569B4F6724F}.Release|Any CPU.Build.0 = Release|Any CPU
		{64579CFE-C9C4-47F8-9390-B6D2438DAC3F}.Debug|Any CPU.ActiveCfg = Debug|Any CPU
		{64579CFE-C9C4-47F8-9390-B6D2438DAC3F}.Debug|Any CPU.Build.0 = Debug|Any CPU
		{64579CFE-C9C4-47F8-9390-B6D2438DAC3F}.Release|Any CPU.ActiveCfg = Release|Any CPU
		{64579CFE-C9C4-47F8-9390-B6D2438DAC3F}.Release|Any CPU.Build.0 = Release|Any CPU
	EndGlobalSection
	GlobalSection(SolutionProperties) = preSolution
		HideSolutionNode = FALSE
	EndGlobalSection
	GlobalSection(NestedProjects) = preSolution
		{26F8E19B-9373-424E-AD77-58658FFD18F5} = {5754F97A-C526-4AFA-B48A-AB7D40F317C7}
		{306648B6-5205-4158-AFB4-5F1486DF450F} = {5754F97A-C526-4AFA-B48A-AB7D40F317C7}
		{F7F35893-F6A0-4F1C-84D3-C378AA85B2C6} = {5754F97A-C526-4AFA-B48A-AB7D40F317C7}
		{957A5DCF-1609-40EF-885D-3A83BAB96E46} = {BA161A45-4742-48BA-8213-DF1AE2CB1BC7}
		{6387842E-80BB-439D-BE62-D1568DB80915} = {5754F97A-C526-4AFA-B48A-AB7D40F317C7}
		{F9EFDD90-3267-43A8-A6B7-FD78E42E532F} = {BFE60846-46B4-4C7B-B854-A7DD72BEF1C3}
		{E5C0C6D3-F0B7-4ECD-BA88-0D0EE9B6EB71} = {EF3A8A09-6D16-4415-89F1-94769FF4EB30}
		{F50CFBB7-568C-42C1-8F5E-C7195C20DF03} = {5754F97A-C526-4AFA-B48A-AB7D40F317C7}
		{EF3A8A09-6D16-4415-89F1-94769FF4EB30} = {1DAC88C3-F374-429D-86C2-1735BE863A9E}
		{E099D8CB-0695-44A1-8D49-03858E2CCBFC} = {EF3A8A09-6D16-4415-89F1-94769FF4EB30}
		{ED3AE381-220E-4DC8-82D2-66D04E40B335} = {1DAC88C3-F374-429D-86C2-1735BE863A9E}
		{A38C170B-9465-4458-A912-1923F3EBD7ED} = {ED3AE381-220E-4DC8-82D2-66D04E40B335}
		{BA161A45-4742-48BA-8213-DF1AE2CB1BC7} = {1DAC88C3-F374-429D-86C2-1735BE863A9E}
		{104553EF-FC04-4464-9E92-D245089AEF48} = {ED3AE381-220E-4DC8-82D2-66D04E40B335}
		{ED48947B-7291-4364-B83C-16F9DFFF94C3} = {BA161A45-4742-48BA-8213-DF1AE2CB1BC7}
		{D04A6E73-A3A5-49F7-B877-B2F542B7C6EF} = {ED3AE381-220E-4DC8-82D2-66D04E40B335}
		{3D115ECD-4B92-46EA-A8D1-43AE92745630} = {D04A6E73-A3A5-49F7-B877-B2F542B7C6EF}
		{9BE35C0F-1EB1-4362-A824-DA9B7E3CB976} = {5754F97A-C526-4AFA-B48A-AB7D40F317C7}
		{2C9A347F-6C4C-423B-AA1B-C56CF5FCF765} = {BA161A45-4742-48BA-8213-DF1AE2CB1BC7}
		{2FC9CB53-2940-4DD4-9191-6DB4EB06D851} = {2C9A347F-6C4C-423B-AA1B-C56CF5FCF765}
		{73BAA8EF-2C1D-47AD-8BDA-EFDEFC75A288} = {2C9A347F-6C4C-423B-AA1B-C56CF5FCF765}
		{EE8F5547-35DD-4C56-A264-29A67ADCD8BE} = {BA161A45-4742-48BA-8213-DF1AE2CB1BC7}
		{82CC7875-5EA1-4F76-B9C8-7569B4F6724F} = {ED3AE381-220E-4DC8-82D2-66D04E40B335}
		{64579CFE-C9C4-47F8-9390-B6D2438DAC3F} = {D04A6E73-A3A5-49F7-B877-B2F542B7C6EF}
	EndGlobalSection
	GlobalSection(ExtensibilityGlobals) = postSolution
		SolutionGuid = {DB899EC5-04C9-4212-9E75-76E15CF09ED2}
	EndGlobalSection
EndGlobal
